
Microsoft Visual Studio Solution File, Format Version 12.00
# Visual Studio Version 16
VisualStudioVersion = 16.0.30114.105
MinimumVisualStudioVersion = 10.0.40219.1
Project("{2150E333-8FDC-42A3-9474-1A3956D46DE8}") = "src", "src", "{CC80EBC5-446D-465E-A199-3256D9B3D46E}"
EndProject
Project("{2150E333-8FDC-42A3-9474-1A3956D46DE8}") = "Shared", "Shared", "{FEB7F772-EFC3-44A5-A02F-45D1E7937F35}"
EndProject
Project("{2150E333-8FDC-42A3-9474-1A3956D46DE8}") = "Modules", "Modules", "{A43A9CEA-1745-4609-9111-0B51EFAF5840}"
EndProject
Project("{2150E333-8FDC-42A3-9474-1A3956D46DE8}") = "Bootstrapper", "Bootstrapper", "{3DBE3CA0-7DB1-4B32-A28C-0C827B4FBC99}"
EndProject
Project("{FAE04EC0-301F-11D3-BF4B-00C04F79EFBC}") = "MMS.Shared", "src\Shared\MMS.Shared\MMS.Shared.csproj", "{008AF76F-3092-482D-95A8-6915FDBD7A2B}"
EndProject
Project("{FAE04EC0-301F-11D3-BF4B-00C04F79EFBC}") = "MMS.Bootstrapper", "src\Bootstrapper\MMS.Bootstrapper\MMS.Bootstrapper.csproj", "{A6C84787-A6FD-4D65-92BA-00C477BB322A}"
EndProject
Project("{2150E333-8FDC-42A3-9474-1A3956D46DE8}") = "Notifications", "Notifications", "{8D1B01B6-34F5-4B95-9ED3-1EC711C57D65}"
EndProject
Project("{FAE04EC0-301F-11D3-BF4B-00C04F79EFBC}") = "MMS.Modules.Notifications.Shared", "src\Modules\Notifications\MMS.Modules.Notifications.Shared\MMS.Modules.Notifications.Shared.csproj", "{9B17EE2F-7E6B-4F39-A8E4-A5A9522527B8}"
EndProject
Project("{FAE04EC0-301F-11D3-BF4B-00C04F79EFBC}") = "MMS.Modules.Notifications.Api", "src\Modules\Notifications\MMS.Modules.Notifications.Api\MMS.Modules.Notifications.Api.csproj", "{978483BE-8964-48FD-BD91-394458D9D3B1}"
EndProject
Project("{2150E333-8FDC-42A3-9474-1A3956D46DE8}") = "Users", "Users", "{B7621802-7A3B-410E-A432-896465A439DD}"
EndProject
Project("{FAE04EC0-301F-11D3-BF4B-00C04F79EFBC}") = "MMS.Modules.Users.Shared", "src\Modules\Users\MMS.Modules.Users.Shared\MMS.Modules.Users.Shared.csproj", "{9D30B081-E84A-4C9A-8511-6FC53D58774E}"
EndProject
Project("{FAE04EC0-301F-11D3-BF4B-00C04F79EFBC}") = "MMS.Modules.Users.Core", "src\Modules\Users\MMS.Modules.Users.Core\MMS.Modules.Users.Core.csproj", "{25F57DA7-96F2-43D8-8FB1-785B6BEB1824}"
EndProject
Global
	GlobalSection(SolutionConfigurationPlatforms) = preSolution
		Debug|Any CPU = Debug|Any CPU
		Release|Any CPU = Release|Any CPU
	EndGlobalSection
	GlobalSection(SolutionProperties) = preSolution
		HideSolutionNode = FALSE
	EndGlobalSection
	GlobalSection(NestedProjects) = preSolution
		{FEB7F772-EFC3-44A5-A02F-45D1E7937F35} = {CC80EBC5-446D-465E-A199-3256D9B3D46E}
		{A43A9CEA-1745-4609-9111-0B51EFAF5840} = {CC80EBC5-446D-465E-A199-3256D9B3D46E}
		{3DBE3CA0-7DB1-4B32-A28C-0C827B4FBC99} = {CC80EBC5-446D-465E-A199-3256D9B3D46E}
		{008AF76F-3092-482D-95A8-6915FDBD7A2B} = {FEB7F772-EFC3-44A5-A02F-45D1E7937F35}
		{A6C84787-A6FD-4D65-92BA-00C477BB322A} = {3DBE3CA0-7DB1-4B32-A28C-0C827B4FBC99}
		{8D1B01B6-34F5-4B95-9ED3-1EC711C57D65} = {A43A9CEA-1745-4609-9111-0B51EFAF5840}
		{9B17EE2F-7E6B-4F39-A8E4-A5A9522527B8} = {8D1B01B6-34F5-4B95-9ED3-1EC711C57D65}
		{978483BE-8964-48FD-BD91-394458D9D3B1} = {8D1B01B6-34F5-4B95-9ED3-1EC711C57D65}
		{B7621802-7A3B-410E-A432-896465A439DD} = {A43A9CEA-1745-4609-9111-0B51EFAF5840}
		{9D30B081-E84A-4C9A-8511-6FC53D58774E} = {B7621802-7A3B-410E-A432-896465A439DD}
		{25F57DA7-96F2-43D8-8FB1-785B6BEB1824} = {B7621802-7A3B-410E-A432-896465A439DD}
	EndGlobalSection
	GlobalSection(ProjectConfigurationPlatforms) = postSolution
		{008AF76F-3092-482D-95A8-6915FDBD7A2B}.Debug|Any CPU.ActiveCfg = Debug|Any CPU
		{008AF76F-3092-482D-95A8-6915FDBD7A2B}.Debug|Any CPU.Build.0 = Debug|Any CPU
		{008AF76F-3092-482D-95A8-6915FDBD7A2B}.Release|Any CPU.ActiveCfg = Release|Any CPU
		{008AF76F-3092-482D-95A8-6915FDBD7A2B}.Release|Any CPU.Build.0 = Release|Any CPU
		{A6C84787-A6FD-4D65-92BA-00C477BB322A}.Debug|Any CPU.ActiveCfg = Debug|Any CPU
		{A6C84787-A6FD-4D65-92BA-00C477BB322A}.Debug|Any CPU.Build.0 = Debug|Any CPU
		{A6C84787-A6FD-4D65-92BA-00C477BB322A}.Release|Any CPU.ActiveCfg = Release|Any CPU
		{A6C84787-A6FD-4D65-92BA-00C477BB322A}.Release|Any CPU.Build.0 = Release|Any CPU
		{9B17EE2F-7E6B-4F39-A8E4-A5A9522527B8}.Debug|Any CPU.ActiveCfg = Debug|Any CPU
		{9B17EE2F-7E6B-4F39-A8E4-A5A9522527B8}.Debug|Any CPU.Build.0 = Debug|Any CPU
		{9B17EE2F-7E6B-4F39-A8E4-A5A9522527B8}.Release|Any CPU.ActiveCfg = Release|Any CPU
		{9B17EE2F-7E6B-4F39-A8E4-A5A9522527B8}.Release|Any CPU.Build.0 = Release|Any CPU
		{978483BE-8964-48FD-BD91-394458D9D3B1}.Debug|Any CPU.ActiveCfg = Debug|Any CPU
		{978483BE-8964-48FD-BD91-394458D9D3B1}.Debug|Any CPU.Build.0 = Debug|Any CPU
		{978483BE-8964-48FD-BD91-394458D9D3B1}.Release|Any CPU.ActiveCfg = Release|Any CPU
		{978483BE-8964-48FD-BD91-394458D9D3B1}.Release|Any CPU.Build.0 = Release|Any CPU
		{9D30B081-E84A-4C9A-8511-6FC53D58774E}.Debug|Any CPU.ActiveCfg = Debug|Any CPU
		{9D30B081-E84A-4C9A-8511-6FC53D58774E}.Debug|Any CPU.Build.0 = Debug|Any CPU
		{9D30B081-E84A-4C9A-8511-6FC53D58774E}.Release|Any CPU.ActiveCfg = Release|Any CPU
		{9D30B081-E84A-4C9A-8511-6FC53D58774E}.Release|Any CPU.Build.0 = Release|Any CPU
		{25F57DA7-96F2-43D8-8FB1-785B6BEB1824}.Debug|Any CPU.ActiveCfg = Debug|Any CPU
		{25F57DA7-96F2-43D8-8FB1-785B6BEB1824}.Debug|Any CPU.Build.0 = Debug|Any CPU
		{25F57DA7-96F2-43D8-8FB1-785B6BEB1824}.Release|Any CPU.ActiveCfg = Release|Any CPU
		{25F57DA7-96F2-43D8-8FB1-785B6BEB1824}.Release|Any CPU.Build.0 = Release|Any CPU
	EndGlobalSection
EndGlobal
